
Microsoft Visual Studio Solution File, Format Version 12.00
# Visual Studio Version 16
VisualStudioVersion = 16.0.30204.135
MinimumVisualStudioVersion = 10.0.40219.1
Project("{9A19103F-16F7-4668-BE54-9A1E7A4F7556}") = "KARYA.CORE", "KARYA.CORE\KARYA.CORE.csproj", "{001136CE-2F0B-45EB-9609-C4348FC0781D}"
EndProject
Project("{9A19103F-16F7-4668-BE54-9A1E7A4F7556}") = "KARYA.DATAACCESS", "KARYA.DATAACCESS\KARYA.DATAACCESS.csproj", "{A390C09E-3361-4DFA-94A1-232AED73B155}"
EndProject
Project("{9A19103F-16F7-4668-BE54-9A1E7A4F7556}") = "KARYA.MODEL", "KARYA.MODEL\KARYA.MODEL.csproj", "{5BA1E233-47EF-41C0-95CA-6847C951CB80}"
EndProject
Project("{9A19103F-16F7-4668-BE54-9A1E7A4F7556}") = "KARYA.BUSINESS", "KARYA.BUSINESS\KARYA.BUSINESS.csproj", "{C4EFFF76-7864-41E7-8774-C91528943532}"
EndProject
Project("{2150E333-8FDC-42A3-9474-1A3956D46DE8}") = "01-CORE", "01-CORE", "{CAF29461-2769-4590-8BCC-D9A2957AE25B}"
EndProject
Project("{2150E333-8FDC-42A3-9474-1A3956D46DE8}") = "02-DATAACCESS", "02-DATAACCESS", "{5C326D2F-13F9-44AC-A4C1-E540CCF83FB9}"
EndProject
Project("{2150E333-8FDC-42A3-9474-1A3956D46DE8}") = "03-BUSINESS", "03-BUSINESS", "{211FD638-2803-42FB-8860-47534C36B471}"
EndProject
Project("{2150E333-8FDC-42A3-9474-1A3956D46DE8}") = "04-MODEL", "04-MODEL", "{C89F4B0E-7F7D-401A-B289-45EF445C0827}"
EndProject
Project("{2150E333-8FDC-42A3-9474-1A3956D46DE8}") = "06-APPLICATION", "06-APPLICATION", "{99BD87C9-0D31-439A-A733-6959C7F22E81}"
EndProject
Project("{2150E333-8FDC-42A3-9474-1A3956D46DE8}") = "05-API", "05-API", "{AE28E308-E344-43D6-8062-556CAFCCE541}"
EndProject
Project("{9A19103F-16F7-4668-BE54-9A1E7A4F7556}") = "KARYA.API.REST", "KARYA.API.REST\KARYA.API.REST.csproj", "{8CE89AF6-E9E0-4A2D-8450-8ABA1E644D0B}"
EndProject
Project("{FAE04EC0-301F-11D3-BF4B-00C04F79EFBC}") = "KARYA.WEBUI.REACT.HANELAPP", "KARYA.WEBUI.REACT.HANELAPP\KARYA.WEBUI.REACT.HANELAPP.csproj", "{D67D7D8C-4358-4AC8-B255-29940485B883}"
EndProject
Global
	GlobalSection(SolutionConfigurationPlatforms) = preSolution
		Debug|Any CPU = Debug|Any CPU
		Release|Any CPU = Release|Any CPU
	EndGlobalSection
	GlobalSection(ProjectConfigurationPlatforms) = postSolution
		{001136CE-2F0B-45EB-9609-C4348FC0781D}.Debug|Any CPU.ActiveCfg = Debug|Any CPU
		{001136CE-2F0B-45EB-9609-C4348FC0781D}.Debug|Any CPU.Build.0 = Debug|Any CPU
		{001136CE-2F0B-45EB-9609-C4348FC0781D}.Release|Any CPU.ActiveCfg = Release|Any CPU
		{001136CE-2F0B-45EB-9609-C4348FC0781D}.Release|Any CPU.Build.0 = Release|Any CPU
		{A390C09E-3361-4DFA-94A1-232AED73B155}.Debug|Any CPU.ActiveCfg = Debug|Any CPU
		{A390C09E-3361-4DFA-94A1-232AED73B155}.Debug|Any CPU.Build.0 = Debug|Any CPU
		{A390C09E-3361-4DFA-94A1-232AED73B155}.Release|Any CPU.ActiveCfg = Release|Any CPU
		{A390C09E-3361-4DFA-94A1-232AED73B155}.Release|Any CPU.Build.0 = Release|Any CPU
		{5BA1E233-47EF-41C0-95CA-6847C951CB80}.Debug|Any CPU.ActiveCfg = Debug|Any CPU
		{5BA1E233-47EF-41C0-95CA-6847C951CB80}.Debug|Any CPU.Build.0 = Debug|Any CPU
		{5BA1E233-47EF-41C0-95CA-6847C951CB80}.Release|Any CPU.ActiveCfg = Release|Any CPU
		{5BA1E233-47EF-41C0-95CA-6847C951CB80}.Release|Any CPU.Build.0 = Release|Any CPU
		{C4EFFF76-7864-41E7-8774-C91528943532}.Debug|Any CPU.ActiveCfg = Debug|Any CPU
		{C4EFFF76-7864-41E7-8774-C91528943532}.Debug|Any CPU.Build.0 = Debug|Any CPU
		{C4EFFF76-7864-41E7-8774-C91528943532}.Release|Any CPU.ActiveCfg = Release|Any CPU
		{C4EFFF76-7864-41E7-8774-C91528943532}.Release|Any CPU.Build.0 = Release|Any CPU
		{8CE89AF6-E9E0-4A2D-8450-8ABA1E644D0B}.Debug|Any CPU.ActiveCfg = Debug|Any CPU
		{8CE89AF6-E9E0-4A2D-8450-8ABA1E644D0B}.Debug|Any CPU.Build.0 = Debug|Any CPU
		{8CE89AF6-E9E0-4A2D-8450-8ABA1E644D0B}.Release|Any CPU.ActiveCfg = Release|Any CPU
		{8CE89AF6-E9E0-4A2D-8450-8ABA1E644D0B}.Release|Any CPU.Build.0 = Release|Any CPU
		{D67D7D8C-4358-4AC8-B255-29940485B883}.Debug|Any CPU.ActiveCfg = Debug|Any CPU
		{D67D7D8C-4358-4AC8-B255-29940485B883}.Debug|Any CPU.Build.0 = Debug|Any CPU
		{D67D7D8C-4358-4AC8-B255-29940485B883}.Release|Any CPU.ActiveCfg = Release|Any CPU
		{D67D7D8C-4358-4AC8-B255-29940485B883}.Release|Any CPU.Build.0 = Release|Any CPU
	EndGlobalSection
	GlobalSection(SolutionProperties) = preSolution
		HideSolutionNode = FALSE
	EndGlobalSection
	GlobalSection(NestedProjects) = preSolution
		{001136CE-2F0B-45EB-9609-C4348FC0781D} = {CAF29461-2769-4590-8BCC-D9A2957AE25B}
		{A390C09E-3361-4DFA-94A1-232AED73B155} = {5C326D2F-13F9-44AC-A4C1-E540CCF83FB9}
		{5BA1E233-47EF-41C0-95CA-6847C951CB80} = {C89F4B0E-7F7D-401A-B289-45EF445C0827}
		{C4EFFF76-7864-41E7-8774-C91528943532} = {211FD638-2803-42FB-8860-47534C36B471}
		{8CE89AF6-E9E0-4A2D-8450-8ABA1E644D0B} = {AE28E308-E344-43D6-8062-556CAFCCE541}
		{D67D7D8C-4358-4AC8-B255-29940485B883} = {99BD87C9-0D31-439A-A733-6959C7F22E81}
	EndGlobalSection
	GlobalSection(ExtensibilityGlobals) = postSolution
		SolutionGuid = {57574C5F-DE48-4B3A-9B96-43B5F3E9D98B}
	EndGlobalSection
EndGlobal
