
Microsoft Visual Studio Solution File, Format Version 12.00
# Visual Studio Version 16
VisualStudioVersion = 16.0.30204.135
MinimumVisualStudioVersion = 10.0.40219.1
Project("{FAE04EC0-301F-11D3-BF4B-00C04F79EFBC}") = "ConsoleApp1", "ConsoleApp1\ConsoleApp1.csproj", "{BAC684BF-5DB1-4696-814D-572300F5D85A}"
EndProject
Global
	GlobalSection(SolutionConfigurationPlatforms) = preSolution
		Debug|Any CPU = Debug|Any CPU
		Release|Any CPU = Release|Any CPU
	EndGlobalSection
	GlobalSection(ProjectConfigurationPlatforms) = postSolution
		{BAC684BF-5DB1-4696-814D-572300F5D85A}.Debug|Any CPU.ActiveCfg = Debug|Any CPU
		{BAC684BF-5DB1-4696-814D-572300F5D85A}.Debug|Any CPU.Build.0 = Debug|Any CPU
		{BAC684BF-5DB1-4696-814D-572300F5D85A}.Release|Any CPU.ActiveCfg = Release|Any CPU
		{BAC684BF-5DB1-4696-814D-572300F5D85A}.Release|Any CPU.Build.0 = Release|Any CPU
	EndGlobalSection
	GlobalSection(SolutionProperties) = preSolution
		HideSolutionNode = FALSE
	EndGlobalSection
	GlobalSection(ExtensibilityGlobals) = postSolution
		SolutionGuid = {35BFE4D6-217C-4981-AD8F-42E9D668F649}
	EndGlobalSection
EndGlobal
