
Microsoft Visual Studio Solution File, Format Version 12.00
# Visual Studio Version 16
VisualStudioVersion = 16.0.30204.135
MinimumVisualStudioVersion = 10.0.40219.1
Project("{FAE04EC0-301F-11D3-BF4B-00C04F79EFBC}") = "WebApplication4", "WebApplication4\WebApplication4.csproj", "{BBDEE4D9-62A5-4ED2-8A9C-25F1EEC56F9B}"
EndProject
Global
	GlobalSection(SolutionConfigurationPlatforms) = preSolution
		Debug|Any CPU = Debug|Any CPU
		Release|Any CPU = Release|Any CPU
	EndGlobalSection
	GlobalSection(ProjectConfigurationPlatforms) = postSolution
		{BBDEE4D9-62A5-4ED2-8A9C-25F1EEC56F9B}.Debug|Any CPU.ActiveCfg = Debug|Any CPU
		{BBDEE4D9-62A5-4ED2-8A9C-25F1EEC56F9B}.Debug|Any CPU.Build.0 = Debug|Any CPU
		{BBDEE4D9-62A5-4ED2-8A9C-25F1EEC56F9B}.Release|Any CPU.ActiveCfg = Release|Any CPU
		{BBDEE4D9-62A5-4ED2-8A9C-25F1EEC56F9B}.Release|Any CPU.Build.0 = Release|Any CPU
	EndGlobalSection
	GlobalSection(SolutionProperties) = preSolution
		HideSolutionNode = FALSE
	EndGlobalSection
	GlobalSection(ExtensibilityGlobals) = postSolution
		SolutionGuid = {8D85F80B-43DC-4CD0-9BB0-A80C6A3B9128}
	EndGlobalSection
EndGlobal
