
Microsoft Visual Studio Solution File, Format Version 12.00
# Visual Studio Version 16
VisualStudioVersion = 16.0.30204.135
MinimumVisualStudioVersion = 10.0.40219.1
Project("{FAE04EC0-301F-11D3-BF4B-00C04F79EFBC}") = "DenemeConsolApp", "DenemeConsolApp\DenemeConsolApp.csproj", "{60C20CAF-C481-4375-BD2C-ACD3D9A4F251}"
EndProject
Global
	GlobalSection(SolutionConfigurationPlatforms) = preSolution
		Debug|Any CPU = Debug|Any CPU
		Release|Any CPU = Release|Any CPU
	EndGlobalSection
	GlobalSection(ProjectConfigurationPlatforms) = postSolution
		{60C20CAF-C481-4375-BD2C-ACD3D9A4F251}.Debug|Any CPU.ActiveCfg = Debug|Any CPU
		{60C20CAF-C481-4375-BD2C-ACD3D9A4F251}.Debug|Any CPU.Build.0 = Debug|Any CPU
		{60C20CAF-C481-4375-BD2C-ACD3D9A4F251}.Release|Any CPU.ActiveCfg = Release|Any CPU
		{60C20CAF-C481-4375-BD2C-ACD3D9A4F251}.Release|Any CPU.Build.0 = Release|Any CPU
	EndGlobalSection
	GlobalSection(SolutionProperties) = preSolution
		HideSolutionNode = FALSE
	EndGlobalSection
	GlobalSection(ExtensibilityGlobals) = postSolution
		SolutionGuid = {024B3119-0020-4303-9B52-033A7E3D6657}
	EndGlobalSection
EndGlobal
